
Microsoft Visual Studio Solution File, Format Version 12.00
# Visual Studio Version 17
VisualStudioVersion = 17.0.31903.59
MinimumVisualStudioVersion = 10.0.40219.1
Project("{2150E333-8FDC-42A3-9474-1A3956D46DE8}") = "src", "src", "{827E0CD3-B72D-47B6-A68D-7590B98EB39B}"
EndProject
Project("{FAE04EC0-301F-11D3-BF4B-00C04F79EFBC}") = "SeedPlacement.Core", "src\SeedPlacement.Core\SeedPlacement.Core.csproj", "{E655B619-18BE-43EE-BF0E-508C9C07C090}"
EndProject
Project("{FAE04EC0-301F-11D3-BF4B-00C04F79EFBC}") = "SeedPlacement.App", "src\SeedPlacement.App\SeedPlacement.App.csproj", "{18FF17E8-48FB-48E9-B3EB-D580B587C142}"
EndProject
Project("{2150E333-8FDC-42A3-9474-1A3956D46DE8}") = "tests", "tests", "{0AB3BF05-4346-4AA6-1389-037BE0695223}"
EndProject
Project("{FAE04EC0-301F-11D3-BF4B-00C04F79EFBC}") = "SeedPlacement.Tests", "tests\SeedPlacement.Tests\SeedPlacement.Tests.csproj", "{2BA511A7-7D34-444B-8E0F-837473CB5A75}"
EndProject
Project("{2150E333-8FDC-42A3-9474-1A3956D46DE8}") = "tools", "tools", "{07C2787E-EAC7-C090-1BA3-A61EC2A24D84}"
EndProject
Project("{FAE04EC0-301F-11D3-BF4B-00C04F79EFBC}") = "SeedPlacement.Snapshots", "tools\SeedPlacement.Snapshots\SeedPlacement.Snapshots.csproj", "{C1D8D335-5828-4211-818B-5DC12F742D2C}"
EndProject
Global
	GlobalSection(SolutionConfigurationPlatforms) = preSolution
		Debug|Any CPU = Debug|Any CPU
		Debug|x64 = Debug|x64
		Debug|x86 = Debug|x86
		Release|Any CPU = Release|Any CPU
		Release|x64 = Release|x64
		Release|x86 = Release|x86
	EndGlobalSection
	GlobalSection(ProjectConfigurationPlatforms) = postSolution
		{E655B619-18BE-43EE-BF0E-508C9C07C090}.Debug|Any CPU.ActiveCfg = Debug|Any CPU
		{E655B619-18BE-43EE-BF0E-508C9C07C090}.Debug|Any CPU.Build.0 = Debug|Any CPU
		{E655B619-18BE-43EE-BF0E-508C9C07C090}.Debug|x64.ActiveCfg = Debug|Any CPU
		{E655B619-18BE-43EE-BF0E-508C9C07C090}.Debug|x64.Build.0 = Debug|Any CPU
		{E655B619-18BE-43EE-BF0E-508C9C07C090}.Debug|x86.ActiveCfg = Debug|Any CPU
		{E655B619-18BE-43EE-BF0E-508C9C07C090}.Debug|x86.Build.0 = Debug|Any CPU
		{E655B619-18BE-43EE-BF0E-508C9C07C090}.Release|Any CPU.ActiveCfg = Release|Any CPU
		{E655B619-18BE-43EE-BF0E-508C9C07C090}.Release|Any CPU.Build.0 = Release|Any CPU
		{E655B619-18BE-43EE-BF0E-508C9C07C090}.Release|x64.ActiveCfg = Release|Any CPU
		{E655B619-18BE-43EE-BF0E-508C9C07C090}.Release|x64.Build.0 = Release|Any CPU
		{E655B619-18BE-43EE-BF0E-508C9C07C090}.Release|x86.ActiveCfg = Release|Any CPU
		{E655B619-18BE-43EE-BF0E-508C9C07C090}.Release|x86.Build.0 = Release|Any CPU
		{18FF17E8-48FB-48E9-B3EB-D580B587C142}.Debug|Any CPU.ActiveCfg = Debug|Any CPU
		{18FF17E8-48FB-48E9-B3EB-D580B587C142}.Debug|Any CPU.Build.0 = Debug|Any CPU
		{18FF17E8-48FB-48E9-B3EB-D580B587C142}.Debug|x64.ActiveCfg = Debug|Any CPU
		{18FF17E8-48FB-48E9-B3EB-D580B587C142}.Debug|x64.Build.0 = Debug|Any CPU
		{18FF17E8-48FB-48E9-B3EB-D580B587C142}.Debug|x86.ActiveCfg = Debug|Any CPU
		{18FF17E8-48FB-48E9-B3EB-D580B587C142}.Debug|x86.Build.0 = Debug|Any CPU
		{18FF17E8-48FB-48E9-B3EB-D580B587C142}.Release|Any CPU.ActiveCfg = Release|Any CPU
		{18FF17E8-48FB-48E9-B3EB-D580B587C142}.Release|Any CPU.Build.0 = Release|Any CPU
		{18FF17E8-48FB-48E9-B3EB-D580B587C142}.Release|x64.ActiveCfg = Release|Any CPU
		{18FF17E8-48FB-48E9-B3EB-D580B587C142}.Release|x64.Build.0 = Release|Any CPU
		{18FF17E8-48FB-48E9-B3EB-D580B587C142}.Release|x86.ActiveCfg = Release|Any CPU
		{18FF17E8-48FB-48E9-B3EB-D580B587C142}.Release|x86.Build.0 = Release|Any CPU
		{2BA511A7-7D34-444B-8E0F-837473CB5A75}.Debug|Any CPU.ActiveCfg = Debug|Any CPU
		{2BA511A7-7D34-444B-8E0F-837473CB5A75}.Debug|Any CPU.Build.0 = Debug|Any CPU
		{2BA511A7-7D34-444B-8E0F-837473CB5A75}.Debug|x64.ActiveCfg = Debug|Any CPU
		{2BA511A7-7D34-444B-8E0F-837473CB5A75}.Debug|x64.Build.0 = Debug|Any CPU
		{2BA511A7-7D34-444B-8E0F-837473CB5A75}.Debug|x86.ActiveCfg = Debug|Any CPU
		{2BA511A7-7D34-444B-8E0F-837473CB5A75}.Debug|x86.Build.0 = Debug|Any CPU
		{2BA511A7-7D34-444B-8E0F-837473CB5A75}.Release|Any CPU.ActiveCfg = Release|Any CPU
		{2BA511A7-7D34-444B-8E0F-837473CB5A75}.Release|Any CPU.Build.0 = Release|Any CPU
		{2BA511A7-7D34-444B-8E0F-837473CB5A75}.Release|x64.ActiveCfg = Release|Any CPU
		{2BA511A7-7D34-444B-8E0F-837473CB5A75}.Release|x64.Build.0 = Release|Any CPU
		{2BA511A7-7D34-444B-8E0F-837473CB5A75}.Release|x86.ActiveCfg = Release|Any CPU
		{2BA511A7-7D34-444B-8E0F-837473CB5A75}.Release|x86.Build.0 = Release|Any CPU
		{C1D8D335-5828-4211-818B-5DC12F742D2C}.Debug|Any CPU.ActiveCfg = Debug|Any CPU
		{C1D8D335-5828-4211-818B-5DC12F742D2C}.Debug|Any CPU.Build.0 = Debug|Any CPU
		{C1D8D335-5828-4211-818B-5DC12F742D2C}.Debug|x64.ActiveCfg = Debug|Any CPU
		{C1D8D335-5828-4211-818B-5DC12F742D2C}.Debug|x64.Build.0 = Debug|Any CPU
		{C1D8D335-5828-4211-818B-5DC12F742D2C}.Debug|x86.ActiveCfg = Debug|Any CPU
		{C1D8D335-5828-4211-818B-5DC12F742D2C}.Debug|x86.Build.0 = Debug|Any CPU
		{C1D8D335-5828-4211-818B-5DC12F742D2C}.Release|Any CPU.ActiveCfg = Release|Any CPU
		{C1D8D335-5828-4211-818B-5DC12F742D2C}.Release|Any CPU.Build.0 = Release|Any CPU
		{C1D8D335-5828-4211-818B-5DC12F742D2C}.Release|x64.ActiveCfg = Release|Any CPU
		{C1D8D335-5828-4211-818B-5DC12F742D2C}.Release|x64.Build.0 = Release|Any CPU
		{C1D8D335-5828-4211-818B-5DC12F742D2C}.Release|x86.ActiveCfg = Release|Any CPU
		{C1D8D335-5828-4211-818B-5DC12F742D2C}.Release|x86.Build.0 = Release|Any CPU
	EndGlobalSection
	GlobalSection(SolutionProperties) = preSolution
		HideSolutionNode = FALSE
	EndGlobalSection
	GlobalSection(NestedProjects) = preSolution
		{E655B619-18BE-43EE-BF0E-508C9C07C090} = {827E0CD3-B72D-47B6-A68D-7590B98EB39B}
		{18FF17E8-48FB-48E9-B3EB-D580B587C142} = {827E0CD3-B72D-47B6-A68D-7590B98EB39B}
		{2BA511A7-7D34-444B-8E0F-837473CB5A75} = {0AB3BF05-4346-4AA6-1389-037BE0695223}
		{C1D8D335-5828-4211-818B-5DC12F742D2C} = {07C2787E-EAC7-C090-1BA3-A61EC2A24D84}
	EndGlobalSection
EndGlobal
